
Microsoft Visual Studio Solution File, Format Version 12.00
# Visual Studio Version 16
VisualStudioVersion = 16.0.31729.503
MinimumVisualStudioVersion = 10.0.40219.1
Project("{FAE04EC0-301F-11D3-BF4B-00C04F79EFBC}") = "ServiceRest_20190140037_AnnisaRisyafa", "ServiceRest_20190140037_AnnisaRisyafa\ServiceRest_20190140037_AnnisaRisyafa.csproj", "{EBA32B62-829E-4BDF-B3A9-47C9855CE561}"
EndProject
Global
	GlobalSection(SolutionConfigurationPlatforms) = preSolution
		Debug|Any CPU = Debug|Any CPU
		Release|Any CPU = Release|Any CPU
	EndGlobalSection
	GlobalSection(ProjectConfigurationPlatforms) = postSolution
		{EBA32B62-829E-4BDF-B3A9-47C9855CE561}.Debug|Any CPU.ActiveCfg = Debug|Any CPU
		{EBA32B62-829E-4BDF-B3A9-47C9855CE561}.Debug|Any CPU.Build.0 = Debug|Any CPU
		{EBA32B62-829E-4BDF-B3A9-47C9855CE561}.Release|Any CPU.ActiveCfg = Release|Any CPU
		{EBA32B62-829E-4BDF-B3A9-47C9855CE561}.Release|Any CPU.Build.0 = Release|Any CPU
	EndGlobalSection
	GlobalSection(SolutionProperties) = preSolution
		HideSolutionNode = FALSE
	EndGlobalSection
	GlobalSection(ExtensibilityGlobals) = postSolution
		SolutionGuid = {574A79D4-E2AE-4280-9DD6-3AB2B28D850F}
	EndGlobalSection
EndGlobal
